
Microsoft Visual Studio Solution File, Format Version 12.00
# Visual Studio Version 16
VisualStudioVersion = 16.0.31624.102
MinimumVisualStudioVersion = 10.0.40219.1
Project("{9A19103F-16F7-4668-BE54-9A1E7A4F7556}") = "Ejemplo01", "Ejemplo01.csproj", "{7459CA1E-F6AF-4D7D-8514-BA7B4FE45B8E}"
EndProject
Global
	GlobalSection(SolutionConfigurationPlatforms) = preSolution
		Debug|Any CPU = Debug|Any CPU
		Release|Any CPU = Release|Any CPU
	EndGlobalSection
	GlobalSection(ProjectConfigurationPlatforms) = postSolution
		{7459CA1E-F6AF-4D7D-8514-BA7B4FE45B8E}.Debug|Any CPU.ActiveCfg = Debug|Any CPU
		{7459CA1E-F6AF-4D7D-8514-BA7B4FE45B8E}.Debug|Any CPU.Build.0 = Debug|Any CPU
		{7459CA1E-F6AF-4D7D-8514-BA7B4FE45B8E}.Release|Any CPU.ActiveCfg = Release|Any CPU
		{7459CA1E-F6AF-4D7D-8514-BA7B4FE45B8E}.Release|Any CPU.Build.0 = Release|Any CPU
	EndGlobalSection
	GlobalSection(SolutionProperties) = preSolution
		HideSolutionNode = FALSE
	EndGlobalSection
	GlobalSection(ExtensibilityGlobals) = postSolution
		SolutionGuid = {119C0B2F-4E87-4B3A-A712-6014615F90A2}
	EndGlobalSection
EndGlobal
